
Microsoft Visual Studio Solution File, Format Version 12.00
# Visual Studio Version 17
VisualStudioVersion = 17.14.36518.9
MinimumVisualStudioVersion = 10.0.40219.1
Project("{FAE04EC0-301F-11D3-BF4B-00C04F79EFBC}") = "OrderProcessing.Api", "OrderProcessing.Api\OrderProcessing.Api.csproj", "{F488DAF3-8E6D-480E-94F5-4DE0CC13861C}"
EndProject
Project("{FAE04EC0-301F-11D3-BF4B-00C04F79EFBC}") = "OrderProcessing.Domain", "OrderProcessing.Domain\OrderProcessing.Domain.csproj", "{A02570E1-FE11-45C5-ADD6-540A8B1E115B}"
EndProject
Project("{FAE04EC0-301F-11D3-BF4B-00C04F79EFBC}") = "OrderProcessing.Persistence", "OrderProcessing.Persistence\OrderProcessing.Persistence.csproj", "{712F5873-7309-4A16-BD79-D015E9389938}"
EndProject
Project("{FAE04EC0-301F-11D3-BF4B-00C04F79EFBC}") = "OrderProcessing.Worker", "OrderProcessing.Worker\OrderProcessing.Worker.csproj", "{3E077955-3179-4C7E-9D78-8987F51B15A2}"
EndProject
Global
	GlobalSection(SolutionConfigurationPlatforms) = preSolution
		Debug|Any CPU = Debug|Any CPU
		Release|Any CPU = Release|Any CPU
	EndGlobalSection
	GlobalSection(ProjectConfigurationPlatforms) = postSolution
		{F488DAF3-8E6D-480E-94F5-4DE0CC13861C}.Debug|Any CPU.ActiveCfg = Debug|Any CPU
		{F488DAF3-8E6D-480E-94F5-4DE0CC13861C}.Debug|Any CPU.Build.0 = Debug|Any CPU
		{F488DAF3-8E6D-480E-94F5-4DE0CC13861C}.Release|Any CPU.ActiveCfg = Release|Any CPU
		{F488DAF3-8E6D-480E-94F5-4DE0CC13861C}.Release|Any CPU.Build.0 = Release|Any CPU
		{A02570E1-FE11-45C5-ADD6-540A8B1E115B}.Debug|Any CPU.ActiveCfg = Debug|Any CPU
		{A02570E1-FE11-45C5-ADD6-540A8B1E115B}.Debug|Any CPU.Build.0 = Debug|Any CPU
		{A02570E1-FE11-45C5-ADD6-540A8B1E115B}.Release|Any CPU.ActiveCfg = Release|Any CPU
		{A02570E1-FE11-45C5-ADD6-540A8B1E115B}.Release|Any CPU.Build.0 = Release|Any CPU
		{712F5873-7309-4A16-BD79-D015E9389938}.Debug|Any CPU.ActiveCfg = Debug|Any CPU
		{712F5873-7309-4A16-BD79-D015E9389938}.Debug|Any CPU.Build.0 = Debug|Any CPU
		{712F5873-7309-4A16-BD79-D015E9389938}.Release|Any CPU.ActiveCfg = Release|Any CPU
		{712F5873-7309-4A16-BD79-D015E9389938}.Release|Any CPU.Build.0 = Release|Any CPU
		{3E077955-3179-4C7E-9D78-8987F51B15A2}.Debug|Any CPU.ActiveCfg = Debug|Any CPU
		{3E077955-3179-4C7E-9D78-8987F51B15A2}.Debug|Any CPU.Build.0 = Debug|Any CPU
		{3E077955-3179-4C7E-9D78-8987F51B15A2}.Release|Any CPU.ActiveCfg = Release|Any CPU
		{3E077955-3179-4C7E-9D78-8987F51B15A2}.Release|Any CPU.Build.0 = Release|Any CPU
	EndGlobalSection
	GlobalSection(SolutionProperties) = preSolution
		HideSolutionNode = FALSE
	EndGlobalSection
	GlobalSection(ExtensibilityGlobals) = postSolution
		SolutionGuid = {FF30BFDC-88F2-420D-9AA5-969293839F00}
	EndGlobalSection
EndGlobal
